
Microsoft Visual Studio Solution File, Format Version 12.00
Project("{FAE04EC0-301F-11D3-BF4B-00C04F79EFBC}") = "Showdown.Protocol", "Showdown.Protocol\Showdown.Protocol.csproj", "{104867AA-6B52-4F4D-AF3B-40445F65925C}"
EndProject
Project("{FAE04EC0-301F-11D3-BF4B-00C04F79EFBC}") = "Showdown.Protocol.Tests", "Showdown.Protocol.Tests\Showdown.Protocol.Tests.csproj", "{7C633224-5BD8-4F2C-A535-FCE222C6D0C1}"
EndProject
Global
	GlobalSection(SolutionConfigurationPlatforms) = preSolution
		Debug|Any CPU = Debug|Any CPU
		Release|Any CPU = Release|Any CPU
	EndGlobalSection
	GlobalSection(ProjectConfigurationPlatforms) = postSolution
		{104867AA-6B52-4F4D-AF3B-40445F65925C}.Debug|Any CPU.ActiveCfg = Debug|Any CPU
		{104867AA-6B52-4F4D-AF3B-40445F65925C}.Debug|Any CPU.Build.0 = Debug|Any CPU
		{104867AA-6B52-4F4D-AF3B-40445F65925C}.Release|Any CPU.ActiveCfg = Release|Any CPU
		{104867AA-6B52-4F4D-AF3B-40445F65925C}.Release|Any CPU.Build.0 = Release|Any CPU
		{7C633224-5BD8-4F2C-A535-FCE222C6D0C1}.Debug|Any CPU.ActiveCfg = Debug|Any CPU
		{7C633224-5BD8-4F2C-A535-FCE222C6D0C1}.Debug|Any CPU.Build.0 = Debug|Any CPU
		{7C633224-5BD8-4F2C-A535-FCE222C6D0C1}.Release|Any CPU.ActiveCfg = Release|Any CPU
		{7C633224-5BD8-4F2C-A535-FCE222C6D0C1}.Release|Any CPU.Build.0 = Release|Any CPU
	EndGlobalSection
EndGlobal
